{
    "_meta": {
        "hash": {
            "sha256": "e379018925b6081cb199670361e7b2c6468d27bbd89cb2c121722f36746ff2b6"
        },
        "pipfile-spec": 6,
        "requires": {
            "python_version": "3.10"
        },
        "sources": [
            {
                "name": "pypi",
                "url": "https://pypi.org/simple",
                "verify_ssl": true
            }
        ]
    },
    "default": {
        "comtypes": {
            "hashes": [
                "sha256:5d7caf6d3a86d51ddfc53e4548cae2dceee1b46672f8bd59679711dd01a934f2",
                "sha256:7cdbe2dc65fe105eea97be04dc50ee3178747bcb64d802d7c0832416d75a87bd"
            ],
            "index": "pypi",
            "version": "==1.1.14"
        },
        "future": {
            "hashes": [
                "sha256:b1bead90b70cf6ec3f0710ae53a525360fa360d306a86583adc6bf83a4db537d"
            ],
            "index": "pypi",
            "version": "==0.18.2"
        },
        "keyboard": {
            "hashes": [
                "sha256:d67dd0c8aa1feb7cad7a7efac6301889d2a99974979d997c7ff29c87d73cfa24",
                "sha256:f7e756dfc6cef083720c47de814356d3919b8193d4372bef0d32f44ce6f8c4fc",
                "sha256:f9f2251dc76daa44bffc2568ad72eb807276393302ed4ccf2f35e7f393c81759"
            ],
            "index": "pypi",
            "version": "==0.11.0"
        },
        "nuitka": {
            "hashes": [
                "sha256:76254f31a2055e405d2741f26eff317db5e198e72a2e5b39bd72b4f415ba8d1f"
            ],
            "index": "pypi",
            "version": "==1.1.1"
        },
        "ordered-set": {
            "hashes": [
                "sha256:046e1132c71fcf3330438a539928932caf51ddbc582496833e23de611de14562",
                "sha256:694a8e44c87657c59292ede72891eb91d34131f6531463aab3009191c77364a8"
            ],
            "index": "pypi",
            "version": "==4.1.0"
        },
        "psutil": {
            "hashes": [
                "sha256:14b29f581b5edab1f133563272a6011925401804d52d603c5c606936b49c8b97",
                "sha256:256098b4f6ffea6441eb54ab3eb64db9ecef18f6a80d7ba91549195d55420f84",
                "sha256:39ec06dc6c934fb53df10c1672e299145ce609ff0611b569e75a88f313634969",
                "sha256:404f4816c16a2fcc4eaa36d7eb49a66df2d083e829d3e39ee8759a411dbc9ecf",
                "sha256:42638876b7f5ef43cef8dcf640d3401b27a51ee3fa137cb2aa2e72e188414c32",
                "sha256:4642fd93785a29353d6917a23e2ac6177308ef5e8be5cc17008d885cb9f70f12",
                "sha256:4fb54941aac044a61db9d8eb56fc5bee207db3bc58645d657249030e15ba3727",
                "sha256:561dec454853846d1dd0247b44c2e66a0a0c490f937086930ec4b8f83bf44f06",
                "sha256:5d39e3a2d5c40efa977c9a8dd4f679763c43c6c255b1340a56489955dbca767c",
                "sha256:614337922702e9be37a39954d67fdb9e855981624d8011a9927b8f2d3c9625d9",
                "sha256:67b33f27fc0427483b61563a16c90d9f3b547eeb7af0ef1b9fe024cdc9b3a6ea",
                "sha256:68b35cbff92d1f7103d8f1db77c977e72f49fcefae3d3d2b91c76b0e7aef48b8",
                "sha256:7cbb795dcd8ed8fd238bc9e9f64ab188f3f4096d2e811b5a82da53d164b84c3f",
                "sha256:8f024fbb26c8daf5d70287bb3edfafa22283c255287cf523c5d81721e8e5d82c",
                "sha256:91aa0dac0c64688667b4285fa29354acfb3e834e1fd98b535b9986c883c2ce1d",
                "sha256:94e621c6a4ddb2573d4d30cba074f6d1aa0186645917df42c811c473dd22b339",
                "sha256:9770c1d25aee91417eba7869139d629d6328a9422ce1cdd112bd56377ca98444",
                "sha256:b1928b9bf478d31fdffdb57101d18f9b70ed4e9b0e41af751851813547b2a9ab",
                "sha256:b2f248ffc346f4f4f0d747ee1947963613216b06688be0be2e393986fe20dbbb",
                "sha256:b315febaebae813326296872fdb4be92ad3ce10d1d742a6b0c49fb619481ed0b",
                "sha256:b3591616fa07b15050b2f87e1cdefd06a554382e72866fcc0ab2be9d116486c8",
                "sha256:b4018d5f9b6651f9896c7a7c2c9f4652e4eea53f10751c4e7d08a9093ab587ec",
                "sha256:d75291912b945a7351d45df682f9644540d564d62115d4a20d45fa17dc2d48f8",
                "sha256:dc9bda7d5ced744622f157cc8d8bdd51735dafcecff807e928ff26bdb0ff097d",
                "sha256:e3ac2c0375ef498e74b9b4ec56df3c88be43fe56cac465627572dbfb21c4be34",
                "sha256:e4c4a7636ffc47b7141864f1c5e7d649f42c54e49da2dd3cceb1c5f5d29bfc85",
                "sha256:ed29ea0b9a372c5188cdb2ad39f937900a10fb5478dc077283bf86eeac678ef1",
                "sha256:f40ba362fefc11d6bea4403f070078d60053ed422255bd838cd86a40674364c9",
                "sha256:f4cb67215c10d4657e320037109939b1c1d2fd70ca3d76301992f89fe2edb1f1",
                "sha256:f7929a516125f62399d6e8e026129c8835f6c5a3aab88c3fff1a05ee8feb840d",
                "sha256:fd331866628d18223a4265371fd255774affd86244fc307ef66eaf00de0633d5",
                "sha256:feb861a10b6c3bb00701063b37e4afc754f8217f0f09c42280586bd6ac712b5c"
            ],
            "index": "pypi",
            "version": "==5.9.2"
        },
        "pycaw": {
            "hashes": [
                "sha256:3a606ab0913a9f6197bc2e7cb2f3f21a1d0034fb372dd9cad8bd5085a98742e3",
                "sha256:dd7a60fdb32c94f13baa063c8009b76df7ca5ccc91b53c7ebd76c4c642a7453d"
            ],
            "index": "pypi",
            "version": "==20220416"
        },
        "pyqt6": {
            "hashes": [
                "sha256:115f809810c236af90352b4df4a9dfc79cbd05b7c0200c05886c8b3035c2847b",
                "sha256:8cc6e21dbaf7047d1fc897e396ccd9710a12f2ef976563dad65f06017d2c9757",
                "sha256:c87c909eeafc44ea911a94490d55055058f51a27ec5ca0e439a9feb943a73fd1",
                "sha256:f7ad13b44959b72c8d40fa1856470015fab3368983dd2c1c781d4061c45d96b3"
            ],
            "index": "pypi",
            "version": "==6.3.1"
        },
        "pyqt6-qt6": {
            "hashes": [
                "sha256:37c7e4c777ec2088165ca57bfb31bfe306dcaad9f4d9d8fcf3987c98a2d076e5",
                "sha256:68ba0587b5e6e5e1d8c6884958e26376a1551ed0969d24d623afbfa0ef1615aa",
                "sha256:d8c6196b52a02fdf0bf3152d72a62edf6bd7698bb078fba8079860e6a6589028",
                "sha256:f62566614ada105af4833f259847bfb6ad05b8f15757e421781c5a57181ed4bd"
            ],
            "index": "pypi",
            "version": "==6.3.2"
        },
        "pyqt6-sip": {
            "hashes": [
                "sha256:2694ae67811cefb6ea3ee0e9995755b45e4952f4dcadec8c04300fd828f91c75",
                "sha256:3486914137f5336cff6e10a5e9d52c1e60ff883473938b45f267f794daeacb2f",
                "sha256:3ac7e0800180202dcc0c7035ff88c2a6f4a0f5acb20c4a19f71d807d0f7857b7",
                "sha256:3de18c4a32f717a351d560a39f528af24077f5135aacfa8890a2f2d79f0633da",
                "sha256:6d87a3ee5872d7511b76957d68a32109352caf3b7a42a01d9ee20032b350d979",
                "sha256:802b0cfed19900183220c46895c2635f0dd062f2d275a25506423f911ef74db4",
                "sha256:83b446d247a92d119d507dbc94fc1f47389d8118a5b6232a2859951157319a30",
                "sha256:9c5231536e6153071b22175e46e368045fd08d772a90d772a0977d1166c7822c",
                "sha256:9e03c780846fd5d71c06e33322fd11a05713d9cd410e3571d069ac9a84077647",
                "sha256:bb4f2e2fdcf3a8dafe4256750bbedd9e7107c4fd8afa9c25be28423c36bb12b8",
                "sha256:cfdcd43e123bd55c155cfe7a33895033e6d25de90a48ed9c25a0ddd0196a810e",
                "sha256:de601187055d684b36ebe6e800a5deacaa55b69d71ad43312b76422cfeae0e12",
                "sha256:fd2df2a9479b8ac858117bd55dc0ec0bd1ce6c8f3486b0cc5e860c0540a8bba0"
            ],
            "index": "pypi",
            "version": "==13.4.0"
        },
        "winshell": {
            "hashes": [
                "sha256:16812fcd6a43391d6c0b707b4d67e809e52286a739683a91623baa0804ea0d41"
            ],
            "index": "pypi",
            "version": "==0.6"
        },
        "zstandard": {
            "hashes": [
                "sha256:083dc08abf03807af9beeb2b6a91c23ad78add2499f828176a3c7b742c44df02",
                "sha256:0ac0357a0d985b4ff31a854744040d7b5754385d1f98f7145c30e02c6865cb6f",
                "sha256:19cac7108ff2c342317fad6dc97604b47a41f403c8f19d0bfc396dfadc3638b8",
                "sha256:1af1268a7dc870eb27515fb8db1f3e6c5a555d2b7bcc476fc3bab8886c7265ab",
                "sha256:1be31e9e3f7607ee0cdd60915410a5968b205d3e7aa83b7fcf3dd76dbbdb39e0",
                "sha256:1dc2d3809e763055a1a6c1a73f2b677320cc9a5aa1a7c6cfb35aee59bddc42d9",
                "sha256:266aba27fa9cc5e9091d3d325ebab1fa260f64e83e42516d5e73947c70216a5b",
                "sha256:28723a1d2e4df778573b76b321ebe9f3469ac98988104c2af116dd344802c3f8",
                "sha256:2dc466207016564805e56d28375f4f533b525ff50d6776946980dff5465566ac",
                "sha256:39e98cf4773234bd9cebf9f9db730e451dfcfe435e220f8921242afda8321887",
                "sha256:3af8c2383d02feb6650e9255491ec7d0824f6e6dd2bbe3e521c469c985f31fb1",
                "sha256:46f679bc5dfd938db4fb058218d9dc4db1336ffaf1ea774ff152ecadabd40805",
                "sha256:490d11b705b8ae9dc845431bacc8dd1cef2408aede176620a5cd0cd411027936",
                "sha256:49685bf9a55d1ab34bd8423ea22db836ba43a181ac6b045ac4272093d5cb874e",
                "sha256:4a2ee1d4f98447f3e5183ecfce5626f983504a4a0c005fbe92e60fa8e5d547ec",
                "sha256:4cbb85f29a990c2fdbf7bc63246567061a362ddca886d7fae6f780267c0a9e67",
                "sha256:5228e596eb1554598c872a337bbe4e5afe41cd1f8b1b15f2e35b50d061e35244",
                "sha256:533db8a6fac6248b2cb2c935e7b92f994efbdeb72e1ffa0b354432e087bb5a3e",
                "sha256:63694a376cde0aa8b1971d06ca28e8f8b5f492779cb6ee1cc46bbc3f019a42a5",
                "sha256:702a8324cd90c74d9c8780d02bf55e79da3193c870c9665ad3a11647e3ad1435",
                "sha256:7231543d38d2b7e02ef7cc78ef7ffd86419437e1114ff08709fe25a160e24bd6",
                "sha256:75479e7c2b3eebf402c59fbe57d21bc400cefa145ca356ee053b0a08908c5784",
                "sha256:76725d1ee83a8915100a310bbad5d9c1fc6397410259c94033b8318d548d9990",
                "sha256:8677ffc6a6096cccbd892e558471c901fd821aba12b7fbc63833c7346f549224",
                "sha256:8b2260c4e07dd0723eadb586de7718b61acca4083a490dda69c5719d79bc715c",
                "sha256:999a4e1768f219826ba3fa2064fab1c86dd72fdd47a42536235478c3bb3ca3e2",
                "sha256:9df59cd1cf3c62075ee2a4da767089d19d874ac3ad42b04a71a167e91b384722",
                "sha256:a7fa67cba473623848b6e88acf8d799b1906178fd883fb3a1da24561c779593b",
                "sha256:bd3220d7627fd4d26397211cb3b560ec7cc4a94b75cfce89e847e8ce7fabe32d",
                "sha256:bfa6c8549fa18e6497a738b7033c49f94a8e2e30c5fbe2d14d0b5aa8bbc1695d",
                "sha256:c86befac87445927488f5c8f205d11566f64c11519db223e9d282b945fa60dab",
                "sha256:c990063664c08169c84474acecc9251ee035871589025cac47c060ff4ec4bc1a",
                "sha256:cdb44d7284c8c5dd1b66dfb86dda7f4560fa94bfbbc1d2da749ba44831335e32",
                "sha256:ce6f59cba9854fd14da5bfe34217a1501143057313966637b7291d1b0267bd1e",
                "sha256:d4a8fd45746a6c31e729f35196e80b8f1e9987c59f5ccb8859d7c6a6fbeb9c63",
                "sha256:d6c85ca5162049ede475b7ec98e87f9390501d44a3d6776ddd504e872464ec25",
                "sha256:d716a7694ce1fa60b20bc10f35c4a22be446ef7f514c8dbc8f858b61976de2fb",
                "sha256:d85bfabad444812133a92fc6fbe463e1d07581dba72f041f07a360e63808b23c",
                "sha256:d956e2f03c7200d7e61345e0880c292783ec26618d0d921dcad470cb195bbce2",
                "sha256:dbb3cb8a082d62b8a73af42291569d266b05605e017a3d8a06a0e5c30b5f10f0",
                "sha256:dc2a4de9f363b3247d472362a65041fe4c0f59e01a2846b15d13046be866a885",
                "sha256:e02043297c1832f2666cd2204f381bef43b10d56929e13c42c10c732c6e3b4ed",
                "sha256:eea18c1e7442f2aa9aff1bb84550dbb6a1f711faf6e48e7319de8f2b2e923c2a",
                "sha256:ef7e8a200e4c8ac9102ed3c90ed2aa379f6b880f63032200909c1be21951f556"
            ],
            "index": "pypi",
            "version": "==0.18.0"
        }
    },
    "develop": {}
}
