# generated by rye
# use `rye lock` or `rye sync` to update this lockfile
#
# last locked with the following flags:
#   pre: false
#   features: []
#   all-features: false
#   with-sources: false
#   generate-hashes: false
#   universal: false

-e file:.
comtypes==1.1.14
    # via controlmictray
    # via pycaw
future==0.18.3
    # via controlmictray
keyboard==0.11.0
    # via controlmictray
nuitka==1.1.1
    # via controlmictray
ordered-set==4.1.0
    # via controlmictray
psutil==6.1.1
    # via controlmictray
    # via pycaw
pycaw==20220416
    # via controlmictray
pyqt6==6.3.1
    # via controlmictray
pyqt6-qt6==6.3.2
    # via controlmictray
    # via pyqt6
pyqt6-sip==13.9.1
    # via controlmictray
    # via pyqt6
pywin32==308
    # via controlmictray
winshell==0.6
    # via controlmictray
zstandard==0.23.0
    # via controlmictray
